
Microsoft Visual Studio Solution File, Format Version 12.00
# Visual Studio Version 17
VisualStudioVersion = 17.3.32811.315
MinimumVisualStudioVersion = 10.0.40219.1
Project("{9A19103F-16F7-4668-BE54-9A1E7A4F7556}") = "Block1.2", "Block1.2\Block1.2.csproj", "{F4061CA2-9D1D-4AD4-8EE5-83F911E5E804}"
EndProject
Global
	GlobalSection(SolutionConfigurationPlatforms) = preSolution
		Debug|Any CPU = Debug|Any CPU
		Debug|x64 = Debug|x64
		Debug|x86 = Debug|x86
		Release|Any CPU = Release|Any CPU
		Release|x64 = Release|x64
		Release|x86 = Release|x86
	EndGlobalSection
	GlobalSection(ProjectConfigurationPlatforms) = postSolution
		{F4061CA2-9D1D-4AD4-8EE5-83F911E5E804}.Debug|Any CPU.ActiveCfg = Debug|Any CPU
		{F4061CA2-9D1D-4AD4-8EE5-83F911E5E804}.Debug|Any CPU.Build.0 = Debug|Any CPU
		{F4061CA2-9D1D-4AD4-8EE5-83F911E5E804}.Debug|x64.ActiveCfg = Debug|x64
		{F4061CA2-9D1D-4AD4-8EE5-83F911E5E804}.Debug|x64.Build.0 = Debug|x64
		{F4061CA2-9D1D-4AD4-8EE5-83F911E5E804}.Debug|x86.ActiveCfg = Debug|x86
		{F4061CA2-9D1D-4AD4-8EE5-83F911E5E804}.Debug|x86.Build.0 = Debug|x86
		{F4061CA2-9D1D-4AD4-8EE5-83F911E5E804}.Release|Any CPU.ActiveCfg = Release|Any CPU
		{F4061CA2-9D1D-4AD4-8EE5-83F911E5E804}.Release|Any CPU.Build.0 = Release|Any CPU
		{F4061CA2-9D1D-4AD4-8EE5-83F911E5E804}.Release|x64.ActiveCfg = Release|x64
		{F4061CA2-9D1D-4AD4-8EE5-83F911E5E804}.Release|x64.Build.0 = Release|x64
		{F4061CA2-9D1D-4AD4-8EE5-83F911E5E804}.Release|x86.ActiveCfg = Release|x86
		{F4061CA2-9D1D-4AD4-8EE5-83F911E5E804}.Release|x86.Build.0 = Release|x86
	EndGlobalSection
	GlobalSection(SolutionProperties) = preSolution
		HideSolutionNode = FALSE
	EndGlobalSection
	GlobalSection(ExtensibilityGlobals) = postSolution
		SolutionGuid = {7EB404F0-03E6-4E5E-A8CA-ED2E5AE36C6A}
	EndGlobalSection
EndGlobal
