
Microsoft Visual Studio Solution File, Format Version 12.00
# Visual Studio Version 17
VisualStudioVersion = 17.6.33723.286
MinimumVisualStudioVersion = 10.0.40219.1
Project("{FAE04EC0-301F-11D3-BF4B-00C04F79EFBC}") = "Block4.1", "Block4.1\Block4.1.csproj", "{E4E3DA3B-4818-4360-9C04-084A3FDF28BE}"
EndProject
Project("{FAE04EC0-301F-11D3-BF4B-00C04F79EFBC}") = "TestBlock4.1", "TestBlock4.1\TestBlock4.1.csproj", "{C4FA9351-B6CE-4E5C-B909-B321B43D6081}"
EndProject
Project("{FAE04EC0-301F-11D3-BF4B-00C04F79EFBC}") = "Block4.1.WPF", "Block4.1.WPF\Block4.1.WPF.csproj", "{5B1D4A3D-AC6E-42AB-97D6-08959648C887}"
EndProject
Global
	GlobalSection(SolutionConfigurationPlatforms) = preSolution
		Debug|Any CPU = Debug|Any CPU
		Release|Any CPU = Release|Any CPU
	EndGlobalSection
	GlobalSection(ProjectConfigurationPlatforms) = postSolution
		{E4E3DA3B-4818-4360-9C04-084A3FDF28BE}.Debug|Any CPU.ActiveCfg = Debug|Any CPU
		{E4E3DA3B-4818-4360-9C04-084A3FDF28BE}.Release|Any CPU.ActiveCfg = Release|Any CPU
		{C4FA9351-B6CE-4E5C-B909-B321B43D6081}.Debug|Any CPU.ActiveCfg = Debug|Any CPU
		{C4FA9351-B6CE-4E5C-B909-B321B43D6081}.Release|Any CPU.ActiveCfg = Release|Any CPU
		{5B1D4A3D-AC6E-42AB-97D6-08959648C887}.Debug|Any CPU.ActiveCfg = Debug|Any CPU
		{5B1D4A3D-AC6E-42AB-97D6-08959648C887}.Debug|Any CPU.Build.0 = Debug|Any CPU
		{5B1D4A3D-AC6E-42AB-97D6-08959648C887}.Release|Any CPU.ActiveCfg = Release|Any CPU
		{5B1D4A3D-AC6E-42AB-97D6-08959648C887}.Release|Any CPU.Build.0 = Release|Any CPU
	EndGlobalSection
	GlobalSection(SolutionProperties) = preSolution
		HideSolutionNode = FALSE
	EndGlobalSection
	GlobalSection(ExtensibilityGlobals) = postSolution
		SolutionGuid = {A7A17488-FDF2-43BD-B6FD-99B9999D652A}
	EndGlobalSection
EndGlobal
